
Microsoft Visual Studio Solution File, Format Version 12.00
# Visual Studio Version 16
VisualStudioVersion = 16.0.29230.47
MinimumVisualStudioVersion = 10.0.40219.1
Project("{FAE04EC0-301F-11D3-BF4B-00C04F79EFBC}") = "Loop Professional Programming", "Loop Professional Programming.csproj", "{5F10C255-FEB6-4057-B493-012103E88404}"
EndProject
Global
	GlobalSection(SolutionConfigurationPlatforms) = preSolution
		Debug|Any CPU = Debug|Any CPU
		Release|Any CPU = Release|Any CPU
	EndGlobalSection
	GlobalSection(ProjectConfigurationPlatforms) = postSolution
		{5F10C255-FEB6-4057-B493-012103E88404}.Debug|Any CPU.ActiveCfg = Debug|Any CPU
		{5F10C255-FEB6-4057-B493-012103E88404}.Debug|Any CPU.Build.0 = Debug|Any CPU
		{5F10C255-FEB6-4057-B493-012103E88404}.Release|Any CPU.ActiveCfg = Release|Any CPU
		{5F10C255-FEB6-4057-B493-012103E88404}.Release|Any CPU.Build.0 = Release|Any CPU
	EndGlobalSection
	GlobalSection(SolutionProperties) = preSolution
		HideSolutionNode = FALSE
	EndGlobalSection
	GlobalSection(ExtensibilityGlobals) = postSolution
		SolutionGuid = {146F44AA-173B-448B-BBEA-92D8330B4A01}
	EndGlobalSection
EndGlobal
